
Microsoft Visual Studio Solution File, Format Version 12.00
# Visual Studio Version 17
VisualStudioVersion = 17.10.34707.107
MinimumVisualStudioVersion = 10.0.40219.1
Project("{9A19103F-16F7-4668-BE54-9A1E7A4F7556}") = "Healthmed.Appointment.API", "Healthmed.Appointment.API\Healthmed.Appointment.API.csproj", "{732129F2-A630-4855-96D0-2B05FA02B143}"
EndProject
Project("{9A19103F-16F7-4668-BE54-9A1E7A4F7556}") = "Healthmed.Appointment.Core", "Healthmed.Appointment.Core\Healthmed.Appointment.Core.csproj", "{34ACE727-0A34-4775-9006-6545E1A2E1E2}"
EndProject
Project("{9A19103F-16F7-4668-BE54-9A1E7A4F7556}") = "Healthmed.Appointment.Infrastructure", "Healthmed.Appointment.Infrastructure\Healthmed.Appointment.Infrastructure.csproj", "{FAF1D56B-FBEE-48A2-8A51-F10DC010B45C}"
EndProject
Global
	GlobalSection(SolutionConfigurationPlatforms) = preSolution
		Debug|Any CPU = Debug|Any CPU
		Release|Any CPU = Release|Any CPU
	EndGlobalSection
	GlobalSection(ProjectConfigurationPlatforms) = postSolution
		{732129F2-A630-4855-96D0-2B05FA02B143}.Debug|Any CPU.ActiveCfg = Debug|Any CPU
		{732129F2-A630-4855-96D0-2B05FA02B143}.Debug|Any CPU.Build.0 = Debug|Any CPU
		{732129F2-A630-4855-96D0-2B05FA02B143}.Release|Any CPU.ActiveCfg = Release|Any CPU
		{732129F2-A630-4855-96D0-2B05FA02B143}.Release|Any CPU.Build.0 = Release|Any CPU
		{34ACE727-0A34-4775-9006-6545E1A2E1E2}.Debug|Any CPU.ActiveCfg = Debug|Any CPU
		{34ACE727-0A34-4775-9006-6545E1A2E1E2}.Debug|Any CPU.Build.0 = Debug|Any CPU
		{34ACE727-0A34-4775-9006-6545E1A2E1E2}.Release|Any CPU.ActiveCfg = Release|Any CPU
		{34ACE727-0A34-4775-9006-6545E1A2E1E2}.Release|Any CPU.Build.0 = Release|Any CPU
		{FAF1D56B-FBEE-48A2-8A51-F10DC010B45C}.Debug|Any CPU.ActiveCfg = Debug|Any CPU
		{FAF1D56B-FBEE-48A2-8A51-F10DC010B45C}.Debug|Any CPU.Build.0 = Debug|Any CPU
		{FAF1D56B-FBEE-48A2-8A51-F10DC010B45C}.Release|Any CPU.ActiveCfg = Release|Any CPU
		{FAF1D56B-FBEE-48A2-8A51-F10DC010B45C}.Release|Any CPU.Build.0 = Release|Any CPU
	EndGlobalSection
	GlobalSection(SolutionProperties) = preSolution
		HideSolutionNode = FALSE
	EndGlobalSection
	GlobalSection(ExtensibilityGlobals) = postSolution
		SolutionGuid = {1D2C6494-C087-4869-AA72-474AC93DFE73}
	EndGlobalSection
EndGlobal
